
Microsoft Visual Studio Solution File, Format Version 12.00
# Visual Studio Version 17
VisualStudioVersion = 17.2.32616.157
MinimumVisualStudioVersion = 10.0.40219.1
Project("{9A19103F-16F7-4668-BE54-9A1E7A4F7556}") = "CoffeelockSharp", "CoffeelockSharp.csproj", "{4091BAB3-C680-4337-959C-A13F8A7DC5BD}"
EndProject
Project("{FAE04EC0-301F-11D3-BF4B-00C04F79EFBC}") = "CoffeelockSharpTests", "..\CoffeelockSharpTests\CoffeelockSharpTests.csproj", "{9C0AD738-3D09-4FF2-91D6-92902E8D1F6E}"
EndProject
Global
	GlobalSection(SolutionConfigurationPlatforms) = preSolution
		Debug|Any CPU = Debug|Any CPU
		Release|Any CPU = Release|Any CPU
	EndGlobalSection
	GlobalSection(ProjectConfigurationPlatforms) = postSolution
		{4091BAB3-C680-4337-959C-A13F8A7DC5BD}.Debug|Any CPU.ActiveCfg = Debug|Any CPU
		{4091BAB3-C680-4337-959C-A13F8A7DC5BD}.Debug|Any CPU.Build.0 = Debug|Any CPU
		{4091BAB3-C680-4337-959C-A13F8A7DC5BD}.Release|Any CPU.ActiveCfg = Release|Any CPU
		{4091BAB3-C680-4337-959C-A13F8A7DC5BD}.Release|Any CPU.Build.0 = Release|Any CPU
		{9C0AD738-3D09-4FF2-91D6-92902E8D1F6E}.Debug|Any CPU.ActiveCfg = Debug|Any CPU
		{9C0AD738-3D09-4FF2-91D6-92902E8D1F6E}.Debug|Any CPU.Build.0 = Debug|Any CPU
		{9C0AD738-3D09-4FF2-91D6-92902E8D1F6E}.Release|Any CPU.ActiveCfg = Release|Any CPU
		{9C0AD738-3D09-4FF2-91D6-92902E8D1F6E}.Release|Any CPU.Build.0 = Release|Any CPU
	EndGlobalSection
	GlobalSection(SolutionProperties) = preSolution
		HideSolutionNode = FALSE
	EndGlobalSection
	GlobalSection(ExtensibilityGlobals) = postSolution
		SolutionGuid = {C6638FC1-F899-4CB9-95A5-908E53E47D35}
	EndGlobalSection
EndGlobal
